
Microsoft Visual Studio Solution File, Format Version 12.00
# Visual Studio 15
VisualStudioVersion = 15.0.27703.2042
MinimumVisualStudioVersion = 10.0.40219.1
Project("{FAE04EC0-301F-11D3-BF4B-00C04F79EFBC}") = "WpfTreeView", "WpfTreeView\WpfTreeView.csproj", "{99706EB5-9075-4056-849B-02AE9B577114}"
EndProject
Global
	GlobalSection(SolutionConfigurationPlatforms) = preSolution
		Debug|Any CPU = Debug|Any CPU
		Release|Any CPU = Release|Any CPU
	EndGlobalSection
	GlobalSection(ProjectConfigurationPlatforms) = postSolution
		{99706EB5-9075-4056-849B-02AE9B577114}.Debug|Any CPU.ActiveCfg = Debug|Any CPU
		{99706EB5-9075-4056-849B-02AE9B577114}.Debug|Any CPU.Build.0 = Debug|Any CPU
		{99706EB5-9075-4056-849B-02AE9B577114}.Release|Any CPU.ActiveCfg = Release|Any CPU
		{99706EB5-9075-4056-849B-02AE9B577114}.Release|Any CPU.Build.0 = Release|Any CPU
	EndGlobalSection
	GlobalSection(SolutionProperties) = preSolution
		HideSolutionNode = FALSE
	EndGlobalSection
	GlobalSection(ExtensibilityGlobals) = postSolution
		SolutionGuid = {8A4F5526-62A3-4EC3-9C7B-B83126C7FF7C}
	EndGlobalSection
EndGlobal
